
Microsoft Visual Studio Solution File, Format Version 12.00
# Visual Studio Version 16
VisualStudioVersion = 16.0.34301.259
MinimumVisualStudioVersion = 10.0.40219.1
Project("{8BC9CEB8-8B4A-11D0-8D11-00A0C91BC942}") = "ZeroEye", "ZeroEye.vcxproj", "{593E37CF-D2FF-48A7-98E8-8C57B0F73806}"
EndProject
Global
	GlobalSection(SolutionConfigurationPlatforms) = preSolution
		Debug|x64 = Debug|x64
		Debug|x86 = Debug|x86
		Release|x64 = Release|x64
		Release|x86 = Release|x86
	EndGlobalSection
	GlobalSection(ProjectConfigurationPlatforms) = postSolution
		{593E37CF-D2FF-48A7-98E8-8C57B0F73806}.Debug|x64.ActiveCfg = Debug|x64
		{593E37CF-D2FF-48A7-98E8-8C57B0F73806}.Debug|x64.Build.0 = Debug|x64
		{593E37CF-D2FF-48A7-98E8-8C57B0F73806}.Debug|x86.ActiveCfg = Debug|Win32
		{593E37CF-D2FF-48A7-98E8-8C57B0F73806}.Debug|x86.Build.0 = Debug|Win32
		{593E37CF-D2FF-48A7-98E8-8C57B0F73806}.Release|x64.ActiveCfg = Release|x64
		{593E37CF-D2FF-48A7-98E8-8C57B0F73806}.Release|x64.Build.0 = Release|x64
		{593E37CF-D2FF-48A7-98E8-8C57B0F73806}.Release|x86.ActiveCfg = Release|Win32
		{593E37CF-D2FF-48A7-98E8-8C57B0F73806}.Release|x86.Build.0 = Release|Win32
	EndGlobalSection
	GlobalSection(SolutionProperties) = preSolution
		HideSolutionNode = FALSE
	EndGlobalSection
	GlobalSection(ExtensibilityGlobals) = postSolution
		SolutionGuid = {6611CAC5-1154-428D-B086-7E0B5946B1F3}
	EndGlobalSection
EndGlobal
